
Microsoft Visual Studio Solution File, Format Version 12.00
# Visual Studio 15
VisualStudioVersion = 15.0.27130.2036
MinimumVisualStudioVersion = 10.0.40219.1
Project("{9A19103F-16F7-4668-BE54-9A1E7A4F7556}") = "KernelAPI", "KernelAPI\KernelAPI.csproj", "{C41D1AE3-2007-4F04-BF74-646BE0FCE83B}"
EndProject
Project("{E53339B2-1760-4266-BCC7-CA923CBCF16C}") = "docker-compose", "docker-compose.dcproj", "{04AC4C46-01C5-4943-8A6F-2A6E9A0D8019}"
EndProject
Project("{2150E333-8FDC-42A3-9474-1A3956D46DE8}") = "Tests", "Tests", "{1C881CDC-FD41-42A7-A047-E982AD29800A}"
EndProject
Project("{9A19103F-16F7-4668-BE54-9A1E7A4F7556}") = "KernelAPI.Tests", "KernelAPI.Tests\KernelAPI.Tests.csproj", "{6DAA602E-C278-4A04-BC87-5E926DBFC604}"
EndProject
Project("{9A19103F-16F7-4668-BE54-9A1E7A4F7556}") = "ExplicitKernelContext.Blob", "ExplicitKernelContext.Blob\ExplicitKernelContext.Blob.csproj", "{9AF0686A-7B11-499A-83B2-D6114921C0F2}"
EndProject
Project("{9A19103F-16F7-4668-BE54-9A1E7A4F7556}") = "ExplicitKernelContext.Redis", "ExplicitKernelContext.Redis\ExplicitKernelContext.Redis.csproj", "{C1F64D4C-B4CA-4315-BE35-F33CFAEE2E2E}"
EndProject
Project("{9A19103F-16F7-4668-BE54-9A1E7A4F7556}") = "ExplicitKernelContext", "ExplicitKernelContext\ExplicitKernelContext.csproj", "{8DAB10C1-3DA8-4E22-9470-ADAC1D70B2CC}"
EndProject
Global
	GlobalSection(SolutionConfigurationPlatforms) = preSolution
		Debug|Any CPU = Debug|Any CPU
		Debug|ARM = Debug|ARM
		Debug|x64 = Debug|x64
		Debug|x86 = Debug|x86
		Release|Any CPU = Release|Any CPU
		Release|ARM = Release|ARM
		Release|x64 = Release|x64
		Release|x86 = Release|x86
	EndGlobalSection
	GlobalSection(ProjectConfigurationPlatforms) = postSolution
		{C41D1AE3-2007-4F04-BF74-646BE0FCE83B}.Debug|Any CPU.ActiveCfg = Debug|Any CPU
		{C41D1AE3-2007-4F04-BF74-646BE0FCE83B}.Debug|Any CPU.Build.0 = Debug|Any CPU
		{C41D1AE3-2007-4F04-BF74-646BE0FCE83B}.Debug|ARM.ActiveCfg = Debug|Any CPU
		{C41D1AE3-2007-4F04-BF74-646BE0FCE83B}.Debug|ARM.Build.0 = Debug|Any CPU
		{C41D1AE3-2007-4F04-BF74-646BE0FCE83B}.Debug|x64.ActiveCfg = Debug|x64
		{C41D1AE3-2007-4F04-BF74-646BE0FCE83B}.Debug|x64.Build.0 = Debug|x64
		{C41D1AE3-2007-4F04-BF74-646BE0FCE83B}.Debug|x86.ActiveCfg = Debug|Any CPU
		{C41D1AE3-2007-4F04-BF74-646BE0FCE83B}.Debug|x86.Build.0 = Debug|Any CPU
		{C41D1AE3-2007-4F04-BF74-646BE0FCE83B}.Release|Any CPU.ActiveCfg = Release|Any CPU
		{C41D1AE3-2007-4F04-BF74-646BE0FCE83B}.Release|Any CPU.Build.0 = Release|Any CPU
		{C41D1AE3-2007-4F04-BF74-646BE0FCE83B}.Release|ARM.ActiveCfg = Release|Any CPU
		{C41D1AE3-2007-4F04-BF74-646BE0FCE83B}.Release|ARM.Build.0 = Release|Any CPU
		{C41D1AE3-2007-4F04-BF74-646BE0FCE83B}.Release|x64.ActiveCfg = Unix|Any CPU
		{C41D1AE3-2007-4F04-BF74-646BE0FCE83B}.Release|x64.Build.0 = Unix|Any CPU
		{C41D1AE3-2007-4F04-BF74-646BE0FCE83B}.Release|x86.ActiveCfg = Release|Any CPU
		{C41D1AE3-2007-4F04-BF74-646BE0FCE83B}.Release|x86.Build.0 = Release|Any CPU
		{04AC4C46-01C5-4943-8A6F-2A6E9A0D8019}.Debug|Any CPU.ActiveCfg = Debug|Any CPU
		{04AC4C46-01C5-4943-8A6F-2A6E9A0D8019}.Debug|Any CPU.Build.0 = Debug|Any CPU
		{04AC4C46-01C5-4943-8A6F-2A6E9A0D8019}.Debug|ARM.ActiveCfg = Debug|Any CPU
		{04AC4C46-01C5-4943-8A6F-2A6E9A0D8019}.Debug|ARM.Build.0 = Debug|Any CPU
		{04AC4C46-01C5-4943-8A6F-2A6E9A0D8019}.Debug|x64.ActiveCfg = Debug|Any CPU
		{04AC4C46-01C5-4943-8A6F-2A6E9A0D8019}.Debug|x64.Build.0 = Debug|Any CPU
		{04AC4C46-01C5-4943-8A6F-2A6E9A0D8019}.Debug|x86.ActiveCfg = Debug|Any CPU
		{04AC4C46-01C5-4943-8A6F-2A6E9A0D8019}.Debug|x86.Build.0 = Debug|Any CPU
		{04AC4C46-01C5-4943-8A6F-2A6E9A0D8019}.Release|Any CPU.ActiveCfg = Release|Any CPU
		{04AC4C46-01C5-4943-8A6F-2A6E9A0D8019}.Release|Any CPU.Build.0 = Release|Any CPU
		{04AC4C46-01C5-4943-8A6F-2A6E9A0D8019}.Release|ARM.ActiveCfg = Release|Any CPU
		{04AC4C46-01C5-4943-8A6F-2A6E9A0D8019}.Release|ARM.Build.0 = Release|Any CPU
		{04AC4C46-01C5-4943-8A6F-2A6E9A0D8019}.Release|x64.ActiveCfg = Release|Any CPU
		{04AC4C46-01C5-4943-8A6F-2A6E9A0D8019}.Release|x64.Build.0 = Release|Any CPU
		{04AC4C46-01C5-4943-8A6F-2A6E9A0D8019}.Release|x86.ActiveCfg = Release|Any CPU
		{04AC4C46-01C5-4943-8A6F-2A6E9A0D8019}.Release|x86.Build.0 = Release|Any CPU
		{6DAA602E-C278-4A04-BC87-5E926DBFC604}.Debug|Any CPU.ActiveCfg = Debug|Any CPU
		{6DAA602E-C278-4A04-BC87-5E926DBFC604}.Debug|Any CPU.Build.0 = Debug|Any CPU
		{6DAA602E-C278-4A04-BC87-5E926DBFC604}.Debug|ARM.ActiveCfg = Debug|Any CPU
		{6DAA602E-C278-4A04-BC87-5E926DBFC604}.Debug|ARM.Build.0 = Debug|Any CPU
		{6DAA602E-C278-4A04-BC87-5E926DBFC604}.Debug|x64.ActiveCfg = Debug|Any CPU
		{6DAA602E-C278-4A04-BC87-5E926DBFC604}.Debug|x64.Build.0 = Debug|Any CPU
		{6DAA602E-C278-4A04-BC87-5E926DBFC604}.Debug|x86.ActiveCfg = Debug|Any CPU
		{6DAA602E-C278-4A04-BC87-5E926DBFC604}.Debug|x86.Build.0 = Debug|Any CPU
		{6DAA602E-C278-4A04-BC87-5E926DBFC604}.Release|Any CPU.ActiveCfg = Release|Any CPU
		{6DAA602E-C278-4A04-BC87-5E926DBFC604}.Release|Any CPU.Build.0 = Release|Any CPU
		{6DAA602E-C278-4A04-BC87-5E926DBFC604}.Release|ARM.ActiveCfg = Release|Any CPU
		{6DAA602E-C278-4A04-BC87-5E926DBFC604}.Release|ARM.Build.0 = Release|Any CPU
		{6DAA602E-C278-4A04-BC87-5E926DBFC604}.Release|x64.ActiveCfg = Release|Any CPU
		{6DAA602E-C278-4A04-BC87-5E926DBFC604}.Release|x64.Build.0 = Release|Any CPU
		{6DAA602E-C278-4A04-BC87-5E926DBFC604}.Release|x86.ActiveCfg = Release|Any CPU
		{6DAA602E-C278-4A04-BC87-5E926DBFC604}.Release|x86.Build.0 = Release|Any CPU
		{9AF0686A-7B11-499A-83B2-D6114921C0F2}.Debug|Any CPU.ActiveCfg = Debug|Any CPU
		{9AF0686A-7B11-499A-83B2-D6114921C0F2}.Debug|Any CPU.Build.0 = Debug|Any CPU
		{9AF0686A-7B11-499A-83B2-D6114921C0F2}.Debug|ARM.ActiveCfg = Debug|Any CPU
		{9AF0686A-7B11-499A-83B2-D6114921C0F2}.Debug|ARM.Build.0 = Debug|Any CPU
		{9AF0686A-7B11-499A-83B2-D6114921C0F2}.Debug|x64.ActiveCfg = Debug|Any CPU
		{9AF0686A-7B11-499A-83B2-D6114921C0F2}.Debug|x64.Build.0 = Debug|Any CPU
		{9AF0686A-7B11-499A-83B2-D6114921C0F2}.Debug|x86.ActiveCfg = Debug|Any CPU
		{9AF0686A-7B11-499A-83B2-D6114921C0F2}.Debug|x86.Build.0 = Debug|Any CPU
		{9AF0686A-7B11-499A-83B2-D6114921C0F2}.Release|Any CPU.ActiveCfg = Release|Any CPU
		{9AF0686A-7B11-499A-83B2-D6114921C0F2}.Release|Any CPU.Build.0 = Release|Any CPU
		{9AF0686A-7B11-499A-83B2-D6114921C0F2}.Release|ARM.ActiveCfg = Release|Any CPU
		{9AF0686A-7B11-499A-83B2-D6114921C0F2}.Release|ARM.Build.0 = Release|Any CPU
		{9AF0686A-7B11-499A-83B2-D6114921C0F2}.Release|x64.ActiveCfg = Release|Any CPU
		{9AF0686A-7B11-499A-83B2-D6114921C0F2}.Release|x64.Build.0 = Release|Any CPU
		{9AF0686A-7B11-499A-83B2-D6114921C0F2}.Release|x86.ActiveCfg = Release|Any CPU
		{9AF0686A-7B11-499A-83B2-D6114921C0F2}.Release|x86.Build.0 = Release|Any CPU
		{C1F64D4C-B4CA-4315-BE35-F33CFAEE2E2E}.Debug|Any CPU.ActiveCfg = Debug|Any CPU
		{C1F64D4C-B4CA-4315-BE35-F33CFAEE2E2E}.Debug|Any CPU.Build.0 = Debug|Any CPU
		{C1F64D4C-B4CA-4315-BE35-F33CFAEE2E2E}.Debug|ARM.ActiveCfg = Debug|Any CPU
		{C1F64D4C-B4CA-4315-BE35-F33CFAEE2E2E}.Debug|ARM.Build.0 = Debug|Any CPU
		{C1F64D4C-B4CA-4315-BE35-F33CFAEE2E2E}.Debug|x64.ActiveCfg = Debug|Any CPU
		{C1F64D4C-B4CA-4315-BE35-F33CFAEE2E2E}.Debug|x64.Build.0 = Debug|Any CPU
		{C1F64D4C-B4CA-4315-BE35-F33CFAEE2E2E}.Debug|x86.ActiveCfg = Debug|Any CPU
		{C1F64D4C-B4CA-4315-BE35-F33CFAEE2E2E}.Debug|x86.Build.0 = Debug|Any CPU
		{C1F64D4C-B4CA-4315-BE35-F33CFAEE2E2E}.Release|Any CPU.ActiveCfg = Release|Any CPU
		{C1F64D4C-B4CA-4315-BE35-F33CFAEE2E2E}.Release|Any CPU.Build.0 = Release|Any CPU
		{C1F64D4C-B4CA-4315-BE35-F33CFAEE2E2E}.Release|ARM.ActiveCfg = Release|Any CPU
		{C1F64D4C-B4CA-4315-BE35-F33CFAEE2E2E}.Release|ARM.Build.0 = Release|Any CPU
		{C1F64D4C-B4CA-4315-BE35-F33CFAEE2E2E}.Release|x64.ActiveCfg = Release|Any CPU
		{C1F64D4C-B4CA-4315-BE35-F33CFAEE2E2E}.Release|x64.Build.0 = Release|Any CPU
		{C1F64D4C-B4CA-4315-BE35-F33CFAEE2E2E}.Release|x86.ActiveCfg = Release|Any CPU
		{C1F64D4C-B4CA-4315-BE35-F33CFAEE2E2E}.Release|x86.Build.0 = Release|Any CPU
		{8DAB10C1-3DA8-4E22-9470-ADAC1D70B2CC}.Debug|Any CPU.ActiveCfg = Debug|Any CPU
		{8DAB10C1-3DA8-4E22-9470-ADAC1D70B2CC}.Debug|Any CPU.Build.0 = Debug|Any CPU
		{8DAB10C1-3DA8-4E22-9470-ADAC1D70B2CC}.Debug|ARM.ActiveCfg = Debug|Any CPU
		{8DAB10C1-3DA8-4E22-9470-ADAC1D70B2CC}.Debug|ARM.Build.0 = Debug|Any CPU
		{8DAB10C1-3DA8-4E22-9470-ADAC1D70B2CC}.Debug|x64.ActiveCfg = Debug|Any CPU
		{8DAB10C1-3DA8-4E22-9470-ADAC1D70B2CC}.Debug|x64.Build.0 = Debug|Any CPU
		{8DAB10C1-3DA8-4E22-9470-ADAC1D70B2CC}.Debug|x86.ActiveCfg = Debug|Any CPU
		{8DAB10C1-3DA8-4E22-9470-ADAC1D70B2CC}.Debug|x86.Build.0 = Debug|Any CPU
		{8DAB10C1-3DA8-4E22-9470-ADAC1D70B2CC}.Release|Any CPU.ActiveCfg = Release|Any CPU
		{8DAB10C1-3DA8-4E22-9470-ADAC1D70B2CC}.Release|Any CPU.Build.0 = Release|Any CPU
		{8DAB10C1-3DA8-4E22-9470-ADAC1D70B2CC}.Release|ARM.ActiveCfg = Release|Any CPU
		{8DAB10C1-3DA8-4E22-9470-ADAC1D70B2CC}.Release|ARM.Build.0 = Release|Any CPU
		{8DAB10C1-3DA8-4E22-9470-ADAC1D70B2CC}.Release|x64.ActiveCfg = Release|Any CPU
		{8DAB10C1-3DA8-4E22-9470-ADAC1D70B2CC}.Release|x64.Build.0 = Release|Any CPU
		{8DAB10C1-3DA8-4E22-9470-ADAC1D70B2CC}.Release|x86.ActiveCfg = Release|Any CPU
		{8DAB10C1-3DA8-4E22-9470-ADAC1D70B2CC}.Release|x86.Build.0 = Release|Any CPU
	EndGlobalSection
	GlobalSection(SolutionProperties) = preSolution
		HideSolutionNode = FALSE
	EndGlobalSection
	GlobalSection(NestedProjects) = preSolution
		{6DAA602E-C278-4A04-BC87-5E926DBFC604} = {1C881CDC-FD41-42A7-A047-E982AD29800A}
	EndGlobalSection
	GlobalSection(ExtensibilityGlobals) = postSolution
		SolutionGuid = {6DEC8981-F8BF-4906-8ADA-F9AE3D696F26}
	EndGlobalSection
EndGlobal
